
Microsoft Visual Studio Solution File, Format Version 12.00
# Visual Studio Version 17
VisualStudioVersion = 17.10.35027.167
MinimumVisualStudioVersion = 10.0.40219.1
Project("{FAE04EC0-301F-11D3-BF4B-00C04F79EFBC}") = "LELauncher", "LELauncher\LELauncher.csproj", "{A2CF5369-4665-49F6-B948-B44296002C3D}"
EndProject
Project("{8BC9CEB8-8B4A-11D0-8D11-00A0C91BC942}") = "LRInjector", "LRInjector\LRInjector.vcxproj", "{3C43BDB5-3E71-46EA-B2E8-E9462D6EFE55}"
EndProject
Project("{8BC9CEB8-8B4A-11D0-8D11-00A0C91BC942}") = "LRHook", "Locale_Remulator\LRHook\LRHook.vcxproj", "{f6ce975d-8c1c-4239-8938-f3aaea6c5ace}"
EndProject
Project("{8BC9CEB8-8B4A-11D0-8D11-00A0C91BC942}") = "LRCommonLibrary", "Locale_Remulator\LRCommonLibrary\LRCommonLibrary.vcxproj", "{a20cb1c6-9374-45a4-bce4-aa2d16274906}"
EndProject
Global
	GlobalSection(SolutionConfigurationPlatforms) = preSolution
		Debug|Any CPU = Debug|Any CPU
		Debug|x64 = Debug|x64
		Debug|x86 = Debug|x86
		Release|Any CPU = Release|Any CPU
		Release|x64 = Release|x64
		Release|x86 = Release|x86
	EndGlobalSection
	GlobalSection(ProjectConfigurationPlatforms) = postSolution
		{A2CF5369-4665-49F6-B948-B44296002C3D}.Debug|Any CPU.ActiveCfg = Debug|Any CPU
		{A2CF5369-4665-49F6-B948-B44296002C3D}.Debug|Any CPU.Build.0 = Debug|Any CPU
		{A2CF5369-4665-49F6-B948-B44296002C3D}.Debug|x64.ActiveCfg = Debug|Any CPU
		{A2CF5369-4665-49F6-B948-B44296002C3D}.Debug|x64.Build.0 = Debug|Any CPU
		{A2CF5369-4665-49F6-B948-B44296002C3D}.Debug|x86.ActiveCfg = Debug|Any CPU
		{A2CF5369-4665-49F6-B948-B44296002C3D}.Debug|x86.Build.0 = Debug|Any CPU
		{A2CF5369-4665-49F6-B948-B44296002C3D}.Release|Any CPU.ActiveCfg = Release|Any CPU
		{A2CF5369-4665-49F6-B948-B44296002C3D}.Release|Any CPU.Build.0 = Release|Any CPU
		{A2CF5369-4665-49F6-B948-B44296002C3D}.Release|x64.ActiveCfg = Release|Any CPU
		{A2CF5369-4665-49F6-B948-B44296002C3D}.Release|x64.Build.0 = Release|Any CPU
		{A2CF5369-4665-49F6-B948-B44296002C3D}.Release|x86.ActiveCfg = Release|Any CPU
		{A2CF5369-4665-49F6-B948-B44296002C3D}.Release|x86.Build.0 = Release|Any CPU
		{3C43BDB5-3E71-46EA-B2E8-E9462D6EFE55}.Debug|Any CPU.ActiveCfg = Debug|x64
		{3C43BDB5-3E71-46EA-B2E8-E9462D6EFE55}.Debug|Any CPU.Build.0 = Debug|x64
		{3C43BDB5-3E71-46EA-B2E8-E9462D6EFE55}.Debug|x64.ActiveCfg = Debug|x64
		{3C43BDB5-3E71-46EA-B2E8-E9462D6EFE55}.Debug|x64.Build.0 = Debug|x64
		{3C43BDB5-3E71-46EA-B2E8-E9462D6EFE55}.Debug|x86.ActiveCfg = Debug|Win32
		{3C43BDB5-3E71-46EA-B2E8-E9462D6EFE55}.Debug|x86.Build.0 = Debug|Win32
		{3C43BDB5-3E71-46EA-B2E8-E9462D6EFE55}.Release|Any CPU.ActiveCfg = Release|x64
		{3C43BDB5-3E71-46EA-B2E8-E9462D6EFE55}.Release|Any CPU.Build.0 = Release|x64
		{3C43BDB5-3E71-46EA-B2E8-E9462D6EFE55}.Release|x64.ActiveCfg = Release|x64
		{3C43BDB5-3E71-46EA-B2E8-E9462D6EFE55}.Release|x64.Build.0 = Release|x64
		{3C43BDB5-3E71-46EA-B2E8-E9462D6EFE55}.Release|x86.ActiveCfg = Release|Win32
		{3C43BDB5-3E71-46EA-B2E8-E9462D6EFE55}.Release|x86.Build.0 = Release|Win32
		{f6ce975d-8c1c-4239-8938-f3aaea6c5ace}.Debug|Any CPU.ActiveCfg = Debug|x64
		{f6ce975d-8c1c-4239-8938-f3aaea6c5ace}.Debug|Any CPU.Build.0 = Debug|x64
		{f6ce975d-8c1c-4239-8938-f3aaea6c5ace}.Debug|x64.ActiveCfg = Debug|x64
		{f6ce975d-8c1c-4239-8938-f3aaea6c5ace}.Debug|x64.Build.0 = Debug|x64
		{f6ce975d-8c1c-4239-8938-f3aaea6c5ace}.Debug|x86.ActiveCfg = Debug|Win32
		{f6ce975d-8c1c-4239-8938-f3aaea6c5ace}.Debug|x86.Build.0 = Debug|Win32
		{f6ce975d-8c1c-4239-8938-f3aaea6c5ace}.Release|Any CPU.ActiveCfg = Release|x64
		{f6ce975d-8c1c-4239-8938-f3aaea6c5ace}.Release|Any CPU.Build.0 = Release|x64
		{f6ce975d-8c1c-4239-8938-f3aaea6c5ace}.Release|x64.ActiveCfg = Release|x64
		{f6ce975d-8c1c-4239-8938-f3aaea6c5ace}.Release|x64.Build.0 = Release|x64
		{f6ce975d-8c1c-4239-8938-f3aaea6c5ace}.Release|x86.ActiveCfg = Release|Win32
		{f6ce975d-8c1c-4239-8938-f3aaea6c5ace}.Release|x86.Build.0 = Release|Win32
		{a20cb1c6-9374-45a4-bce4-aa2d16274906}.Debug|Any CPU.ActiveCfg = Debug|x64
		{a20cb1c6-9374-45a4-bce4-aa2d16274906}.Debug|Any CPU.Build.0 = Debug|x64
		{a20cb1c6-9374-45a4-bce4-aa2d16274906}.Debug|x64.ActiveCfg = Debug|x64
		{a20cb1c6-9374-45a4-bce4-aa2d16274906}.Debug|x64.Build.0 = Debug|x64
		{a20cb1c6-9374-45a4-bce4-aa2d16274906}.Debug|x86.ActiveCfg = Debug|Win32
		{a20cb1c6-9374-45a4-bce4-aa2d16274906}.Debug|x86.Build.0 = Debug|Win32
		{a20cb1c6-9374-45a4-bce4-aa2d16274906}.Release|Any CPU.ActiveCfg = Release|x64
		{a20cb1c6-9374-45a4-bce4-aa2d16274906}.Release|Any CPU.Build.0 = Release|x64
		{a20cb1c6-9374-45a4-bce4-aa2d16274906}.Release|x64.ActiveCfg = Release|x64
		{a20cb1c6-9374-45a4-bce4-aa2d16274906}.Release|x64.Build.0 = Release|x64
		{a20cb1c6-9374-45a4-bce4-aa2d16274906}.Release|x86.ActiveCfg = Release|Win32
		{a20cb1c6-9374-45a4-bce4-aa2d16274906}.Release|x86.Build.0 = Release|Win32
	EndGlobalSection
	GlobalSection(SolutionProperties) = preSolution
		HideSolutionNode = FALSE
	EndGlobalSection
	GlobalSection(ExtensibilityGlobals) = postSolution
		SolutionGuid = {BB83E844-41DB-4478-A6EC-E98C28AC06E9}
	EndGlobalSection
EndGlobal
